{
  "version": 4,
  "terraform_version": "1.10.3",
  "serial": 1,
  "lineage": "57fc78d4-43a2-6171-6868-b2feda748a50",
  "outputs": {
    "elasticka_cost": {
      "value": "El servicio de despliegue Elasticka tiene un costo mensual de 35 soles.",
      "type": "string"
    },
    "openai_api_cost": {
      "value": "El servicio de OpenAI API tiene un costo mensual estimado de $0.40.",
      "type": "string"
    }
  },
  "resources": [
    {
      "mode": "managed",
      "type": "local_file",
      "name": "elasticka_service",
      "provider": "provider[\"registry.terraform.io/hashicorp/local\"]",
      "instances": [
        {
          "schema_version": 0,
          "attributes": {
            "content": "Servicio de despliegue con Elastika. Costo mensual: 35 soles.",
            "content_base64": null,
            "content_base64sha256": "e606G+5PBQkiSfTfn4BYQnpYJiq7TpYHe4gMK/dNBXs=",
            "content_base64sha512": "loQdumqeFwQIYynjgkCp6bTrsb6m+G5CrzdnHfkdfi+MzYMDhLlzmQR1p2lguR0RCec9DRXAI/swBczZrH3bPw==",
            "content_md5": "59950db672bed3a7876f59172c7fe407",
            "content_sha1": "9661f0a97aa456a5c800b9cdeca2d31401fb95b5",
            "content_sha256": "7bad3a1bee4f05092249f4df9f8058427a58262abb4e96077b880c2bf74d057b",
            "content_sha512": "96841dba6a9e1704086329e38240a9e9b4ebb1bea6f86e42af37671df91d7e2f8ccd830384b973990475a76960b91d1109e73d0d15c023fb3005ccd9ac7ddb3f",
            "directory_permission": "0777",
            "file_permission": "0777",
            "filename": "elasticka_service_info.txt",
            "id": "9661f0a97aa456a5c800b9cdeca2d31401fb95b5",
            "sensitive_content": null,
            "source": null
          },
          "sensitive_attributes": [
            [
              {
                "type": "get_attr",
                "value": "sensitive_content"
              }
            ]
          ]
        }
      ]
    },
    {
      "mode": "managed",
      "type": "local_file",
      "name": "openai_api",
      "provider": "provider[\"registry.terraform.io/hashicorp/local\"]",
      "instances": [
        {
          "schema_version": 0,
          "attributes": {
            "content": "Estimación de costos para OpenAI API:\r\nInteracciones mensuales: 1000\r\nCosto por interacción: $0.0004\r\nCosto mensual estimado: $0.40\r\n",
            "content_base64": null,
            "content_base64sha256": "tY7DD/fVU9+q84n335tX0Ucry4ydaxb1OXTk8iBu2eQ=",
            "content_base64sha512": "NJ6B7cp/U3IRtCJ0I/+1OHvQj0yXOZdIVFgLBxc9AhYfnJVnCEbo9opwcUSjtwl6l4a0mjibvZV17ih7PQb82Q==",
            "content_md5": "43ce158056a759c2edef229371a694d1",
            "content_sha1": "6a4e9c0c999e1158ebee923ab569d1d393754c82",
            "content_sha256": "b58ec30ff7d553dfaaf389f7df9b57d1472bcb8c9d6b16f53974e4f2206ed9e4",
            "content_sha512": "349e81edca7f537211b4227423ffb5387bd08f4c9739974854580b07173d02161f9c95670846e8f68a707144a3b7097a9786b49a389bbd9575ee287b3d06fcd9",
            "directory_permission": "0777",
            "file_permission": "0777",
            "filename": "openai_api_cost.txt",
            "id": "6a4e9c0c999e1158ebee923ab569d1d393754c82",
            "sensitive_content": null,
            "source": null
          },
          "sensitive_attributes": [
            [
              {
                "type": "get_attr",
                "value": "sensitive_content"
              }
            ]
          ]
        }
      ]
    }
  ],
  "check_results": null
}
